
Microsoft Visual Studio Solution File, Format Version 12.00
# Visual Studio 15
VisualStudioVersion = 15.0.28307.271
MinimumVisualStudioVersion = 10.0.40219.1
Project("{9A19103F-16F7-4668-BE54-9A1E7A4F7556}") = "CultureRecommendation.Api", "CultureRecommendation.Api\CultureRecommendation.Api.csproj", "{258F3CA3-111B-48B6-B191-91831F02A1A0}"
EndProject
Project("{9A19103F-16F7-4668-BE54-9A1E7A4F7556}") = "CultureRecommendation.Service", "CultureRecommendation.Service\CultureRecommendation.Service.csproj", "{71DEC218-6EE5-4E30-8263-6B3FF36EC62A}"
EndProject
Project("{9A19103F-16F7-4668-BE54-9A1E7A4F7556}") = "CultureRecommendation.Dto", "CultureRecommendation.Dto\CultureRecommendation.Dto.csproj", "{DA2A0C00-EE87-4B24-B21D-E9D7BED91C0F}"
EndProject
Project("{9A19103F-16F7-4668-BE54-9A1E7A4F7556}") = "CultureRecommendation.Domain", "CultureRecommendation.Domain\CultureRecommendation.Domain.csproj", "{F9FCA9F3-8F7D-48CD-B176-0E2706B4A24D}"
EndProject
Project("{9A19103F-16F7-4668-BE54-9A1E7A4F7556}") = "CultureRecommendation.Data", "CultureRecommendation.Data\CultureRecommendation.Data.csproj", "{E871FE15-E631-401D-959B-6028D2F087F4}"
EndProject
Project("{9A19103F-16F7-4668-BE54-9A1E7A4F7556}") = "CultureRecommendation.Infraestructure", "CultureRecommendation.Infraestructure\CultureRecommendation.Infraestructure.csproj", "{E09C6728-8C88-45D3-8909-970F9B19F420}"
EndProject
Project("{9A19103F-16F7-4668-BE54-9A1E7A4F7556}") = "CultureRecommendation.Constants", "CultureRecommendation.Constants\CultureRecommendation.Constants.csproj", "{65498E2C-E3E1-4F8E-8AC0-0AF1BA164CAE}"
EndProject
Project("{2150E333-8FDC-42A3-9474-1A3956D46DE8}") = "Test", "Test", "{5AAE22FA-A9DB-449E-95CE-937F6568D9FD}"
EndProject
Project("{9A19103F-16F7-4668-BE54-9A1E7A4F7556}") = "CultureRecommendation.IntegrationTest.Services", "CultureRecommendation.IntegrationTest.Services\CultureRecommendation.IntegrationTest.Services.csproj", "{E94CCAE4-937C-4C4D-8AC0-58090B70D5D8}"
EndProject
Project("{FAE04EC0-301F-11D3-BF4B-00C04F79EFBC}") = "CultureRecommendation.IntegrationTest.Repositories", "CultureRecommendation.IntegrationTest.Repositories\CultureRecommendation.IntegrationTest.Repositories.csproj", "{1267750A-ABD9-4688-870A-E4DABE2398D8}"
EndProject
Project("{FAE04EC0-301F-11D3-BF4B-00C04F79EFBC}") = "DummyData", "DummyData\DummyData.csproj", "{FD0884BD-739A-474F-884F-EB7B27561A7A}"
EndProject
Global
	GlobalSection(SolutionConfigurationPlatforms) = preSolution
		Debug|Any CPU = Debug|Any CPU
		Release|Any CPU = Release|Any CPU
	EndGlobalSection
	GlobalSection(ProjectConfigurationPlatforms) = postSolution
		{258F3CA3-111B-48B6-B191-91831F02A1A0}.Debug|Any CPU.ActiveCfg = Debug|Any CPU
		{258F3CA3-111B-48B6-B191-91831F02A1A0}.Debug|Any CPU.Build.0 = Debug|Any CPU
		{258F3CA3-111B-48B6-B191-91831F02A1A0}.Release|Any CPU.ActiveCfg = Release|Any CPU
		{258F3CA3-111B-48B6-B191-91831F02A1A0}.Release|Any CPU.Build.0 = Release|Any CPU
		{71DEC218-6EE5-4E30-8263-6B3FF36EC62A}.Debug|Any CPU.ActiveCfg = Debug|Any CPU
		{71DEC218-6EE5-4E30-8263-6B3FF36EC62A}.Debug|Any CPU.Build.0 = Debug|Any CPU
		{71DEC218-6EE5-4E30-8263-6B3FF36EC62A}.Release|Any CPU.ActiveCfg = Release|Any CPU
		{71DEC218-6EE5-4E30-8263-6B3FF36EC62A}.Release|Any CPU.Build.0 = Release|Any CPU
		{DA2A0C00-EE87-4B24-B21D-E9D7BED91C0F}.Debug|Any CPU.ActiveCfg = Debug|Any CPU
		{DA2A0C00-EE87-4B24-B21D-E9D7BED91C0F}.Debug|Any CPU.Build.0 = Debug|Any CPU
		{DA2A0C00-EE87-4B24-B21D-E9D7BED91C0F}.Release|Any CPU.ActiveCfg = Release|Any CPU
		{DA2A0C00-EE87-4B24-B21D-E9D7BED91C0F}.Release|Any CPU.Build.0 = Release|Any CPU
		{F9FCA9F3-8F7D-48CD-B176-0E2706B4A24D}.Debug|Any CPU.ActiveCfg = Debug|Any CPU
		{F9FCA9F3-8F7D-48CD-B176-0E2706B4A24D}.Debug|Any CPU.Build.0 = Debug|Any CPU
		{F9FCA9F3-8F7D-48CD-B176-0E2706B4A24D}.Release|Any CPU.ActiveCfg = Release|Any CPU
		{F9FCA9F3-8F7D-48CD-B176-0E2706B4A24D}.Release|Any CPU.Build.0 = Release|Any CPU
		{E871FE15-E631-401D-959B-6028D2F087F4}.Debug|Any CPU.ActiveCfg = Debug|Any CPU
		{E871FE15-E631-401D-959B-6028D2F087F4}.Debug|Any CPU.Build.0 = Debug|Any CPU
		{E871FE15-E631-401D-959B-6028D2F087F4}.Release|Any CPU.ActiveCfg = Release|Any CPU
		{E871FE15-E631-401D-959B-6028D2F087F4}.Release|Any CPU.Build.0 = Release|Any CPU
		{E09C6728-8C88-45D3-8909-970F9B19F420}.Debug|Any CPU.ActiveCfg = Debug|Any CPU
		{E09C6728-8C88-45D3-8909-970F9B19F420}.Debug|Any CPU.Build.0 = Debug|Any CPU
		{E09C6728-8C88-45D3-8909-970F9B19F420}.Release|Any CPU.ActiveCfg = Release|Any CPU
		{E09C6728-8C88-45D3-8909-970F9B19F420}.Release|Any CPU.Build.0 = Release|Any CPU
		{65498E2C-E3E1-4F8E-8AC0-0AF1BA164CAE}.Debug|Any CPU.ActiveCfg = Debug|Any CPU
		{65498E2C-E3E1-4F8E-8AC0-0AF1BA164CAE}.Debug|Any CPU.Build.0 = Debug|Any CPU
		{65498E2C-E3E1-4F8E-8AC0-0AF1BA164CAE}.Release|Any CPU.ActiveCfg = Release|Any CPU
		{65498E2C-E3E1-4F8E-8AC0-0AF1BA164CAE}.Release|Any CPU.Build.0 = Release|Any CPU
		{E94CCAE4-937C-4C4D-8AC0-58090B70D5D8}.Debug|Any CPU.ActiveCfg = Debug|Any CPU
		{E94CCAE4-937C-4C4D-8AC0-58090B70D5D8}.Debug|Any CPU.Build.0 = Debug|Any CPU
		{E94CCAE4-937C-4C4D-8AC0-58090B70D5D8}.Release|Any CPU.ActiveCfg = Release|Any CPU
		{E94CCAE4-937C-4C4D-8AC0-58090B70D5D8}.Release|Any CPU.Build.0 = Release|Any CPU
		{1267750A-ABD9-4688-870A-E4DABE2398D8}.Debug|Any CPU.ActiveCfg = Debug|Any CPU
		{1267750A-ABD9-4688-870A-E4DABE2398D8}.Debug|Any CPU.Build.0 = Debug|Any CPU
		{1267750A-ABD9-4688-870A-E4DABE2398D8}.Release|Any CPU.ActiveCfg = Release|Any CPU
		{1267750A-ABD9-4688-870A-E4DABE2398D8}.Release|Any CPU.Build.0 = Release|Any CPU
		{FD0884BD-739A-474F-884F-EB7B27561A7A}.Debug|Any CPU.ActiveCfg = Debug|Any CPU
		{FD0884BD-739A-474F-884F-EB7B27561A7A}.Debug|Any CPU.Build.0 = Debug|Any CPU
		{FD0884BD-739A-474F-884F-EB7B27561A7A}.Release|Any CPU.ActiveCfg = Release|Any CPU
		{FD0884BD-739A-474F-884F-EB7B27561A7A}.Release|Any CPU.Build.0 = Release|Any CPU
	EndGlobalSection
	GlobalSection(SolutionProperties) = preSolution
		HideSolutionNode = FALSE
	EndGlobalSection
	GlobalSection(NestedProjects) = preSolution
		{E94CCAE4-937C-4C4D-8AC0-58090B70D5D8} = {5AAE22FA-A9DB-449E-95CE-937F6568D9FD}
		{1267750A-ABD9-4688-870A-E4DABE2398D8} = {5AAE22FA-A9DB-449E-95CE-937F6568D9FD}
		{FD0884BD-739A-474F-884F-EB7B27561A7A} = {5AAE22FA-A9DB-449E-95CE-937F6568D9FD}
	EndGlobalSection
	GlobalSection(ExtensibilityGlobals) = postSolution
		SolutionGuid = {C75EE64D-A362-4734-8E1C-2E0E9CB0469B}
	EndGlobalSection
EndGlobal
